
Microsoft Visual Studio Solution File, Format Version 12.00
# Visual Studio Version 17
VisualStudioVersion = 17.4.33103.184
MinimumVisualStudioVersion = 10.0.40219.1
Project("{FAE04EC0-301F-11D3-BF4B-00C04F79EFBC}") = "buildapp", "buildapp\buildapp.csproj", "{DD2F7A77-C04F-481D-89B3-0F32D9143440}"
EndProject
Global
	GlobalSection(SolutionConfigurationPlatforms) = preSolution
		Debug|Any CPU = Debug|Any CPU
		Release|Any CPU = Release|Any CPU
	EndGlobalSection
	GlobalSection(ProjectConfigurationPlatforms) = postSolution
		{DD2F7A77-C04F-481D-89B3-0F32D9143440}.Debug|Any CPU.ActiveCfg = Debug|Any CPU
		{DD2F7A77-C04F-481D-89B3-0F32D9143440}.Debug|Any CPU.Build.0 = Debug|Any CPU
		{DD2F7A77-C04F-481D-89B3-0F32D9143440}.Release|Any CPU.ActiveCfg = Release|Any CPU
		{DD2F7A77-C04F-481D-89B3-0F32D9143440}.Release|Any CPU.Build.0 = Release|Any CPU
	EndGlobalSection
	GlobalSection(SolutionProperties) = preSolution
		HideSolutionNode = FALSE
	EndGlobalSection
	GlobalSection(ExtensibilityGlobals) = postSolution
		SolutionGuid = {BFCB8E76-BF7D-48FD-A433-7E0797CD86E6}
	EndGlobalSection
EndGlobal
